{
  "name": "demo",
  "version": "1.0.0",
  "lockfileVersion": 3,
  "requires": true,
  "packages": {
    "": {
      "name": "demo",
      "version": "1.0.0",
      "dependencies": {
        "three": "^0.182.0",
        "three-mesh-bvh": "^0.9.8"
      }
    },
    "node_modules/three": {
      "version": "0.182.0",
      "resolved": "https://registry.npmjs.org/three/-/three-0.182.0.tgz",
      "integrity": "sha512-GbHabT+Irv+ihI1/f5kIIsZ+Ef9Sl5A1Y7imvS5RQjWgtTPfPnZ43JmlYI7NtCRDK9zir20lQpfg8/9Yd02OvQ==",
      "license": "MIT",
      "peer": true
    },
    "node_modules/three-mesh-bvh": {
      "version": "0.9.8",
      "resolved": "https://registry.npmjs.org/three-mesh-bvh/-/three-mesh-bvh-0.9.8.tgz",
      "integrity": "sha512-YphYvdXEZSXdz6iNdWJo1RB6qvSCRyiXPEVSvNU6xVWbLDOdSrfEIsJOpgFOnefdmVEvZ6M+sY0cjh9gl7MvdA==",
      "license": "MIT",
      "peerDependencies": {
        "three": ">= 0.159.0"
      }
    }
  }
}
